
Microsoft Visual Studio Solution File, Format Version 12.00
# Visual Studio Version 17
VisualStudioVersion = 17.9.34622.214
MinimumVisualStudioVersion = 10.0.40219.1
Project("{FAE04EC0-301F-11D3-BF4B-00C04F79EFBC}") = "Lanches", "Lanches.csproj", "{9DAD1598-4AAB-4742-9A83-711A4FAF38DC}"
EndProject
Global
	GlobalSection(SolutionConfigurationPlatforms) = preSolution
		Debug|Any CPU = Debug|Any CPU
		Release|Any CPU = Release|Any CPU
	EndGlobalSection
	GlobalSection(ProjectConfigurationPlatforms) = postSolution
		{9DAD1598-4AAB-4742-9A83-711A4FAF38DC}.Debug|Any CPU.ActiveCfg = Debug|Any CPU
		{9DAD1598-4AAB-4742-9A83-711A4FAF38DC}.Debug|Any CPU.Build.0 = Debug|Any CPU
		{9DAD1598-4AAB-4742-9A83-711A4FAF38DC}.Release|Any CPU.ActiveCfg = Release|Any CPU
		{9DAD1598-4AAB-4742-9A83-711A4FAF38DC}.Release|Any CPU.Build.0 = Release|Any CPU
	EndGlobalSection
	GlobalSection(SolutionProperties) = preSolution
		HideSolutionNode = FALSE
	EndGlobalSection
	GlobalSection(ExtensibilityGlobals) = postSolution
		SolutionGuid = {75337D54-F7E4-47A3-B7AB-8527DBCC54A7}
	EndGlobalSection
EndGlobal
